
Microsoft Visual Studio Solution File, Format Version 12.00
# Visual Studio Version 16
VisualStudioVersion = 16.0.30320.27
MinimumVisualStudioVersion = 10.0.40219.1
Project("{FAE04EC0-301F-11D3-BF4B-00C04F79EFBC}") = "MonkishTest", "MonkishTest\MonkishTest.csproj", "{382627D5-E035-4F5D-9DC4-AE1DA70B50E0}"
EndProject
Global
	GlobalSection(SolutionConfigurationPlatforms) = preSolution
		Debug|Any CPU = Debug|Any CPU
		Release|Any CPU = Release|Any CPU
	EndGlobalSection
	GlobalSection(ProjectConfigurationPlatforms) = postSolution
		{382627D5-E035-4F5D-9DC4-AE1DA70B50E0}.Debug|Any CPU.ActiveCfg = Debug|Any CPU
		{382627D5-E035-4F5D-9DC4-AE1DA70B50E0}.Debug|Any CPU.Build.0 = Debug|Any CPU
		{382627D5-E035-4F5D-9DC4-AE1DA70B50E0}.Release|Any CPU.ActiveCfg = Release|Any CPU
		{382627D5-E035-4F5D-9DC4-AE1DA70B50E0}.Release|Any CPU.Build.0 = Release|Any CPU
	EndGlobalSection
	GlobalSection(SolutionProperties) = preSolution
		HideSolutionNode = FALSE
	EndGlobalSection
	GlobalSection(ExtensibilityGlobals) = postSolution
		SolutionGuid = {0D83BCC1-9BB1-477E-99CA-01CD03B1A91A}
	EndGlobalSection
EndGlobal
